// !$*UTF8*$!
{
	archiveVersion = 1;
	classes = {
	};
	objectVersion = 55;
	objects = {

/* Begin PBXBuildFile section */
		18788EF52BFFD94200CFBCDB /* AppDelegate.swift in Sources */ = {isa = PBXBuildFile; fileRef = 18788EF42BFFD94200CFBCDB /* AppDelegate.swift */; };
		18788EF72BFFD94200CFBCDB /* SceneDelegate.swift in Sources */ = {isa = PBXBuildFile; fileRef = 18788EF62BFFD94200CFBCDB /* SceneDelegate.swift */; };
		18788EF92BFFD94200CFBCDB /* ViewController.swift in Sources */ = {isa = PBXBuildFile; fileRef = 18788EF82BFFD94200CFBCDB /* ViewController.swift */; };
		18788EFC2BFFD94200CFBCDB /* Main.storyboard in Resources */ = {isa = PBXBuildFile; fileRef = 18788EFA2BFFD94200CFBCDB /* Main.storyboard */; };
		18788EFF2BFFD94200CFBCDB /* IosInterViewQuestion.xcdatamodeld in Sources */ = {isa = PBXBuildFile; fileRef = 18788EFD2BFFD94200CFBCDB /* IosInterViewQuestion.xcdatamodeld */; };
		18788F012BFFD94500CFBCDB /* Assets.xcassets in Resources */ = {isa = PBXBuildFile; fileRef = 18788F002BFFD94500CFBCDB /* Assets.xcassets */; };
		18788F042BFFD94500CFBCDB /* LaunchScreen.storyboard in Resources */ = {isa = PBXBuildFile; fileRef = 18788F022BFFD94500CFBCDB /* LaunchScreen.storyboard */; };
/* End PBXBuildFile section */

/* Begin PBXFileReference section */
		18788EF12BFFD94200CFBCDB /* IosInterViewQuestion.app */ = {isa = PBXFileReference; explicitFileType = wrapper.application; includeInIndex = 0; path = IosInterViewQuestion.app; sourceTree = BUILT_PRODUCTS_DIR; };
		18788EF42BFFD94200CFBCDB /* AppDelegate.swift */ = {isa = PBXFileReference; lastKnownFileType = sourcecode.swift; path = AppDelegate.swift; sourceTree = "<group>"; };
		18788EF62BFFD94200CFBCDB /* SceneDelegate.swift */ = {isa = PBXFileReference; lastKnownFileType = sourcecode.swift; path = SceneDelegate.swift; sourceTree = "<group>"; };
		18788EF82BFFD94200CFBCDB /* ViewController.swift */ = {isa = PBXFileReference; lastKnownFileType = sourcecode.swift; path = ViewController.swift; sourceTree = "<group>"; };
		18788EFB2BFFD94200CFBCDB /* Base */ = {isa = PBXFileReference; lastKnownFileType = file.storyboard; name = Base; path = Base.lproj/Main.storyboard; sourceTree = "<group>"; };
		18788EFE2BFFD94200CFBCDB /* IosInterViewQuestion.xcdatamodel */ = {isa = PBXFileReference; lastKnownFileType = wrapper.xcdatamodel; path = IosInterViewQuestion.xcdatamodel; sourceTree = "<group>"; };
		18788F002BFFD94500CFBCDB /* Assets.xcassets */ = {isa = PBXFileReference; lastKnownFileType = folder.assetcatalog; path = Assets.xcassets; sourceTree = "<group>"; };
		18788F032BFFD94500CFBCDB /* Base */ = {isa = PBXFileReference; lastKnownFileType = file.storyboard; name = Base; path = Base.lproj/LaunchScreen.storyboard; sourceTree = "<group>"; };
		18788F052BFFD94500CFBCDB /* Info.plist */ = {isa = PBXFileReference; lastKnownFileType = text.plist.xml; path = Info.plist; sourceTree = "<group>"; };
/* End PBXFileReference section */

/* Begin PBXFrameworksBuildPhase section */
		18788EEE2BFFD94200CFBCDB /* Frameworks */ = {
			isa = PBXFrameworksBuildPhase;
			buildActionMask = 2147483647;
			files = (
			);
			runOnlyForDeploymentPostprocessing = 0;
		};
/* End PBXFrameworksBuildPhase section */

/* Begin PBXGroup section */
		18788EE82BFFD94200CFBCDB = {
			isa = PBXGroup;
			children = (
				18788EF32BFFD94200CFBCDB /* IosInterViewQuestion */,
				18788EF22BFFD94200CFBCDB /* Products */,
			);
			sourceTree = "<group>";
		};
		18788EF22BFFD94200CFBCDB /* Products */ = {
			isa = PBXGroup;
			children = (
				18788EF12BFFD94200CFBCDB /* IosInterViewQuestion.app */,
			);
			name = Products;
			sourceTree = "<group>";
		};
		18788EF32BFFD94200CFBCDB /* IosInterViewQuestion */ = {
			isa = PBXGroup;
			children = (
				18788EF42BFFD94200CFBCDB /* AppDelegate.swift */,
				18788EF62BFFD94200CFBCDB /* SceneDelegate.swift */,
				18788EF82BFFD94200CFBCDB /* ViewController.swift */,
				18788EFA2BFFD94200CFBCDB /* Main.storyboard */,
				18788F002BFFD94500CFBCDB /* Assets.xcassets */,
				18788F022BFFD94500CFBCDB /* LaunchScreen.storyboard */,
				18788F052BFFD94500CFBCDB /* Info.plist */,
				18788EFD2BFFD94200CFBCDB /* IosInterViewQuestion.xcdatamodeld */,
			);
			path = IosInterViewQuestion;
			sourceTree = "<group>";
		};
/* End PBXGroup section */

/* Begin PBXNativeTarget section */
		18788EF02BFFD94200CFBCDB /* IosInterViewQuestion */ = {
			isa = PBXNativeTarget;
			buildConfigurationList = 18788F082BFFD94500CFBCDB /* Build configuration list for PBXNativeTarget "IosInterViewQuestion" */;
			buildPhases = (
				18788EED2BFFD94200CFBCDB /* Sources */,
				18788EEE2BFFD94200CFBCDB /* Frameworks */,
				18788EEF2BFFD94200CFBCDB /* Resources */,
			);
			buildRules = (
			);
			dependencies = (
			);
			name = IosInterViewQuestion;
			productName = IosInterViewQuestion;
			productReference = 18788EF12BFFD94200CFBCDB /* IosInterViewQuestion.app */;
			productType = "com.apple.product-type.application";
		};
/* End PBXNativeTarget section */

/* Begin PBXProject section */
		18788EE92BFFD94200CFBCDB /* Project object */ = {
			isa = PBXProject;
			attributes = {
				BuildIndependentTargetsInParallel = 1;
				LastSwiftUpdateCheck = 1340;
				LastUpgradeCheck = 1340;
				TargetAttributes = {
					18788EF02BFFD94200CFBCDB = {
						CreatedOnToolsVersion = 13.4.1;
					};
				};
			};
			buildConfigurationList = 18788EEC2BFFD94200CFBCDB /* Build configuration list for PBXProject "IosInterViewQuestion" */;
			compatibilityVersion = "Xcode 13.0";
			developmentRegion = en;
			hasScannedForEncodings = 0;
			knownRegions = (
				en,
				Base,
			);
			mainGroup = 18788EE82BFFD94200CFBCDB;
			productRefGroup = 18788EF22BFFD94200CFBCDB /* Products */;
			projectDirPath = "";
			projectRoot = "";
			targets = (
				18788EF02BFFD94200CFBCDB /* IosInterViewQuestion */,
			);
		};
/* End PBXProject section */

/* Begin PBXResourcesBuildPhase section */
		18788EEF2BFFD94200CFBCDB /* Resources */ = {
			isa = PBXResourcesBuildPhase;
			buildActionMask = 2147483647;
			files = (
				18788F042BFFD94500CFBCDB /* LaunchScreen.storyboard in Resources */,
				18788F012BFFD94500CFBCDB /* Assets.xcassets in Resources */,
				18788EFC2BFFD94200CFBCDB /* Main.storyboard in Resources */,
			);
			runOnlyForDeploymentPostprocessing = 0;
		};
/* End PBXResourcesBuildPhase section */

/* Begin PBXSourcesBuildPhase section */
		18788EED2BFFD94200CFBCDB /* Sources */ = {
			isa = PBXSourcesBuildPhase;
			buildActionMask = 2147483647;
			files = (
				18788EF92BFFD94200CFBCDB /* ViewController.swift in Sources */,
				18788EF52BFFD94200CFBCDB /* AppDelegate.swift in Sources */,
				18788EF72BFFD94200CFBCDB /* SceneDelegate.swift in Sources */,
				18788EFF2BFFD94200CFBCDB /* IosInterViewQuestion.xcdatamodeld in Sources */,
			);
			runOnlyForDeploymentPostprocessing = 0;
		};
/* End PBXSourcesBuildPhase section */

/* Begin PBXVariantGroup section */
		18788EFA2BFFD94200CFBCDB /* Main.storyboard */ = {
			isa = PBXVariantGroup;
			children = (
				18788EFB2BFFD94200CFBCDB /* Base */,
			);
			name = Main.storyboard;
			sourceTree = "<group>";
		};
		18788F022BFFD94500CFBCDB /* LaunchScreen.storyboard */ = {
			isa = PBXVariantGroup;
			children = (
				18788F032BFFD94500CFBCDB /* Base */,
			);
			name = LaunchScreen.storyboard;
			sourceTree = "<group>";
		};
/* End PBXVariantGroup section */

/* Begin XCBuildConfiguration section */
		18788F062BFFD94500CFBCDB /* Debug */ = {
			isa = XCBuildConfiguration;
			buildSettings = {
				ALWAYS_SEARCH_USER_PATHS = NO;
				CLANG_ANALYZER_NONNULL = YES;
				CLANG_ANALYZER_NUMBER_OBJECT_CONVERSION = YES_AGGRESSIVE;
				CLANG_CXX_LANGUAGE_STANDARD = "gnu++17";
				CLANG_ENABLE_MODULES = YES;
				CLANG_ENABLE_OBJC_ARC = YES;
				CLANG_ENABLE_OBJC_WEAK = YES;
				CLANG_WARN_BLOCK_CAPTURE_AUTORELEASING = YES;
				CLANG_WARN_BOOL_CONVERSION = YES;
				CLANG_WARN_COMMA = YES;
				CLANG_WARN_CONSTANT_CONVERSION = YES;
				CLANG_WARN_DEPRECATED_OBJC_IMPLEMENTATIONS = YES;
				CLANG_WARN_DIRECT_OBJC_ISA_USAGE = YES_ERROR;
				CLANG_WARN_DOCUMENTATION_COMMENTS = YES;
				CLANG_WARN_EMPTY_BODY = YES;
				CLANG_WARN_ENUM_CONVERSION = YES;
				CLANG_WARN_INFINITE_RECURSION = YES;
				CLANG_WARN_INT_CONVERSION = YES;
				CLANG_WARN_NON_LITERAL_NULL_CONVERSION = YES;
				CLANG_WARN_OBJC_IMPLICIT_RETAIN_SELF = YES;
				CLANG_WARN_OBJC_LITERAL_CONVERSION = YES;
				CLANG_WARN_OBJC_ROOT_CLASS = YES_ERROR;
				CLANG_WARN_QUOTED_INCLUDE_IN_FRAMEWORK_HEADER = YES;
				CLANG_WARN_RANGE_LOOP_ANALYSIS = YES;
				CLANG_WARN_STRICT_PROTOTYPES = YES;
				CLANG_WARN_SUSPICIOUS_MOVE = YES;
				CLANG_WARN_UNGUARDED_AVAILABILITY = YES_AGGRESSIVE;
				CLANG_WARN_UNREACHABLE_CODE = YES;
				CLANG_WARN__DUPLICATE_METHOD_MATCH = YES;
				COPY_PHASE_STRIP = NO;
				DEBUG_INFORMATION_FORMAT = dwarf;
				ENABLE_STRICT_OBJC_MSGSEND = YES;
				ENABLE_TESTABILITY = YES;
				GCC_C_LANGUAGE_STANDARD = gnu11;
				GCC_DYNAMIC_NO_PIC = NO;
				GCC_NO_COMMON_BLOCKS = YES;
				GCC_OPTIMIZATION_LEVEL = 0;
				GCC_PREPROCESSOR_DEFINITIONS = (
					"DEBUG=1",
					"$(inherited)",
				);
				GCC_WARN_64_TO_32_BIT_CONVERSION = YES;
				GCC_WARN_ABOUT_RETURN_TYPE = YES_ERROR;
				GCC_WARN_UNDECLARED_SELECTOR = YES;
				GCC_WARN_UNINITIALIZED_AUTOS = YES_AGGRESSIVE;
				GCC_WARN_UNUSED_FUNCTION = YES;
				GCC_WARN_UNUSED_VARIABLE = YES;
				IPHONEOS_DEPLOYMENT_TARGET = 15.5;
				MTL_ENABLE_DEBUG_INFO = INCLUDE_SOURCE;
				MTL_FAST_MATH = YES;
				ONLY_ACTIVE_ARCH = YES;
				SDKROOT = iphoneos;
				SWIFT_ACTIVE_COMPILATION_CONDITIONS = DEBUG;
				SWIFT_OPTIMIZATION_LEVEL = "-Onone";
			};
			name = Debug;
		};
		18788F072BFFD94500CFBCDB /* Release */ = {
			isa = XCBuildConfiguration;
			buildSettings = {
				ALWAYS_SEARCH_USER_PATHS = NO;
				CLANG_ANALYZER_NONNULL = YES;
				CLANG_ANALYZER_NUMBER_OBJECT_CONVERSION = YES_AGGRESSIVE;
				CLANG_CXX_LANGUAGE_STANDARD = "gnu++17";
				CLANG_ENABLE_MODULES = YES;
				CLANG_ENABLE_OBJC_ARC = YES;
				CLANG_ENABLE_OBJC_WEAK = YES;
				CLANG_WARN_BLOCK_CAPTURE_AUTORELEASING = YES;
				CLANG_WARN_BOOL_CONVERSION = YES;
				CLANG_WARN_COMMA = YES;
				CLANG_WARN_CONSTANT_CONVERSION = YES;
				CLANG_WARN_DEPRECATED_OBJC_IMPLEMENTATIONS = YES;
				CLANG_WARN_DIRECT_OBJC_ISA_USAGE = YES_ERROR;
				CLANG_WARN_DOCUMENTATION_COMMENTS = YES;
				CLANG_WARN_EMPTY_BODY = YES;
				CLANG_WARN_ENUM_CONVERSION = YES;
				CLANG_WARN_INFINITE_RECURSION = YES;
				CLANG_WARN_INT_CONVERSION = YES;
				CLANG_WARN_NON_LITERAL_NULL_CONVERSION = YES;
				CLANG_WARN_OBJC_IMPLICIT_RETAIN_SELF = YES;
				CLANG_WARN_OBJC_LITERAL_CONVERSION = YES;
				CLANG_WARN_OBJC_ROOT_CLASS = YES_ERROR;
				CLANG_WARN_QUOTED_INCLUDE_IN_FRAMEWORK_HEADER = YES;
				CLANG_WARN_RANGE_LOOP_ANALYSIS = YES;
				CLANG_WARN_STRICT_PROTOTYPES = YES;
				CLANG_WARN_SUSPICIOUS_MOVE = YES;
				CLANG_WARN_UNGUARDED_AVAILABILITY = YES_AGGRESSIVE;
				CLANG_WARN_UNREACHABLE_CODE = YES;
				CLANG_WARN__DUPLICATE_METHOD_MATCH = YES;
				COPY_PHASE_STRIP = NO;
				DEBUG_INFORMATION_FORMAT = "dwarf-with-dsym";
				ENABLE_NS_ASSERTIONS = NO;
				ENABLE_STRICT_OBJC_MSGSEND = YES;
				GCC_C_LANGUAGE_STANDARD = gnu11;
				GCC_NO_COMMON_BLOCKS = YES;
				GCC_WARN_64_TO_32_BIT_CONVERSION = YES;
				GCC_WARN_ABOUT_RETURN_TYPE = YES_ERROR;
				GCC_WARN_UNDECLARED_SELECTOR = YES;
				GCC_WARN_UNINITIALIZED_AUTOS = YES_AGGRESSIVE;
				GCC_WARN_UNUSED_FUNCTION = YES;
				GCC_WARN_UNUSED_VARIABLE = YES;
				IPHONEOS_DEPLOYMENT_TARGET = 15.5;
				MTL_ENABLE_DEBUG_INFO = NO;
				MTL_FAST_MATH = YES;
				SDKROOT = iphoneos;
				SWIFT_COMPILATION_MODE = wholemodule;
				SWIFT_OPTIMIZATION_LEVEL = "-O";
				VALIDATE_PRODUCT = YES;
			};
			name = Release;
		};
		18788F092BFFD94500CFBCDB /* Debug */ = {
			isa = XCBuildConfiguration;
			buildSettings = {
				ASSETCATALOG_COMPILER_APPICON_NAME = AppIcon;
				ASSETCATALOG_COMPILER_GLOBAL_ACCENT_COLOR_NAME = AccentColor;
				CODE_SIGN_STYLE = Automatic;
				CURRENT_PROJECT_VERSION = 1;
				GENERATE_INFOPLIST_FILE = YES;
				INFOPLIST_FILE = IosInterViewQuestion/Info.plist;
				INFOPLIST_KEY_UIApplicationSupportsIndirectInputEvents = YES;
				INFOPLIST_KEY_UILaunchStoryboardName = LaunchScreen;
				INFOPLIST_KEY_UIMainStoryboardFile = Main;
				INFOPLIST_KEY_UISupportedInterfaceOrientations_iPad = "UIInterfaceOrientationPortrait UIInterfaceOrientationPortraitUpsideDown UIInterfaceOrientationLandscapeLeft UIInterfaceOrientationLandscapeRight";
				INFOPLIST_KEY_UISupportedInterfaceOrientations_iPhone = "UIInterfaceOrientationPortrait UIInterfaceOrientationLandscapeLeft UIInterfaceOrientationLandscapeRight";
				LD_RUNPATH_SEARCH_PATHS = (
					"$(inherited)",
					"@executable_path/Frameworks",
				);
				MARKETING_VERSION = 1.0;
				PRODUCT_BUNDLE_IDENTIFIER = com.ios.IosInterViewQuestion;
				PRODUCT_NAME = "$(TARGET_NAME)";
				SWIFT_EMIT_LOC_STRINGS = YES;
				SWIFT_VERSION = 5.0;
				TARGETED_DEVICE_FAMILY = "1,2";
			};
			name = Debug;
		};
		18788F0A2BFFD94500CFBCDB /* Release */ = {
			isa = XCBuildConfiguration;
			buildSettings = {
				ASSETCATALOG_COMPILER_APPICON_NAME = AppIcon;
				ASSETCATALOG_COMPILER_GLOBAL_ACCENT_COLOR_NAME = AccentColor;
				CODE_SIGN_STYLE = Automatic;
				CURRENT_PROJECT_VERSION = 1;
				GENERATE_INFOPLIST_FILE = YES;
				INFOPLIST_FILE = IosInterViewQuestion/Info.plist;
				INFOPLIST_KEY_UIApplicationSupportsIndirectInputEvents = YES;
				INFOPLIST_KEY_UILaunchStoryboardName = LaunchScreen;
				INFOPLIST_KEY_UIMainStoryboardFile = Main;
				INFOPLIST_KEY_UISupportedInterfaceOrientations_iPad = "UIInterfaceOrientationPortrait UIInterfaceOrientationPortraitUpsideDown UIInterfaceOrientationLandscapeLeft UIInterfaceOrientationLandscapeRight";
				INFOPLIST_KEY_UISupportedInterfaceOrientations_iPhone = "UIInterfaceOrientationPortrait UIInterfaceOrientationLandscapeLeft UIInterfaceOrientationLandscapeRight";
				LD_RUNPATH_SEARCH_PATHS = (
					"$(inherited)",
					"@executable_path/Frameworks",
				);
				MARKETING_VERSION = 1.0;
				PRODUCT_BUNDLE_IDENTIFIER = com.ios.IosInterViewQuestion;
				PRODUCT_NAME = "$(TARGET_NAME)";
				SWIFT_EMIT_LOC_STRINGS = YES;
				SWIFT_VERSION = 5.0;
				TARGETED_DEVICE_FAMILY = "1,2";
			};
			name = Release;
		};
/* End XCBuildConfiguration section */

/* Begin XCConfigurationList section */
		18788EEC2BFFD94200CFBCDB /* Build configuration list for PBXProject "IosInterViewQuestion" */ = {
			isa = XCConfigurationList;
			buildConfigurations = (
				18788F062BFFD94500CFBCDB /* Debug */,
				18788F072BFFD94500CFBCDB /* Release */,
			);
			defaultConfigurationIsVisible = 0;
			defaultConfigurationName = Release;
		};
		18788F082BFFD94500CFBCDB /* Build configuration list for PBXNativeTarget "IosInterViewQuestion" */ = {
			isa = XCConfigurationList;
			buildConfigurations = (
				18788F092BFFD94500CFBCDB /* Debug */,
				18788F0A2BFFD94500CFBCDB /* Release */,
			);
			defaultConfigurationIsVisible = 0;
			defaultConfigurationName = Release;
		};
/* End XCConfigurationList section */

/* Begin XCVersionGroup section */
		18788EFD2BFFD94200CFBCDB /* IosInterViewQuestion.xcdatamodeld */ = {
			isa = XCVersionGroup;
			children = (
				18788EFE2BFFD94200CFBCDB /* IosInterViewQuestion.xcdatamodel */,
			);
			currentVersion = 18788EFE2BFFD94200CFBCDB /* IosInterViewQuestion.xcdatamodel */;
			path = IosInterViewQuestion.xcdatamodeld;
			sourceTree = "<group>";
			versionGroupType = wrapper.xcdatamodel;
		};
/* End XCVersionGroup section */
	};
	rootObject = 18788EE92BFFD94200CFBCDB /* Project object */;
}
